Microsoft Visual Studio Solution File, Format Version 12.00
# Visual Studio Version 17
VisualStudioVersion = 17.5.2.0
MinimumVisualStudioVersion = 10.0.40219.1
Project("{FAE04EC0-301F-11D3-BF4B-00C04F79EFBC}") = "Class-Fan", "Class-Fan.csproj", "{845C266A-9EDC-CDE1-5016-D88A1CFDDD46}"
EndProject
Global
	GlobalSection(SolutionConfigurationPlatforms) = preSolution
		Debug|Any CPU = Debug|Any CPU
		Release|Any CPU = Release|Any CPU
	EndGlobalSection
	GlobalSection(ProjectConfigurationPlatforms) = postSolution
		{845C266A-9EDC-CDE1-5016-D88A1CFDDD46}.Debug|Any CPU.ActiveCfg = Debug|Any CPU
		{845C266A-9EDC-CDE1-5016-D88A1CFDDD46}.Debug|Any CPU.Build.0 = Debug|Any CPU
		{845C266A-9EDC-CDE1-5016-D88A1CFDDD46}.Release|Any CPU.ActiveCfg = Release|Any CPU
		{845C266A-9EDC-CDE1-5016-D88A1CFDDD46}.Release|Any CPU.Build.0 = Release|Any CPU
	EndGlobalSection
	GlobalSection(SolutionProperties) = preSolution
		HideSolutionNode = FALSE
	EndGlobalSection
	GlobalSection(ExtensibilityGlobals) = postSolution
		SolutionGuid = {F85DDC4A-9651-4FC8-A78F-AEF58B916389}
	EndGlobalSection
EndGlobal
